{
    "_meta": {
        "hash": {
            "sha256": "a9cced38289b6423095d9a33680b62072f88722a13df8a1e9b8396b791d73399"
        },
        "pipfile-spec": 6,
        "requires": {
            "python_version": "3.8"
        },
        "sources": [
            {
                "name": "pypi",
                "url": "https://pypi.python.org/simple",
                "verify_ssl": true
            }
        ]
    },
    "default": {
        "click": {
            "hashes": [
                "sha256:7d8c289ee437bcb0316820ccee14aefcb056e58d31830ecab8e47eda6540e136",
                "sha256:e90e62ced43dc8105fb9a26d62f0d9340b5c8db053a814e25d95c19873ae87db"
            ],
            "version": "==8.0.0"
        },
        "flask": {
            "hashes": [
                "sha256:168e8507792cb8a3aa06afbe5d4d431d3e07c6318bc3893ceecb81aff09f848d",
                "sha256:1833a4b36ace08dfa1510d86f1bb6fc595d990ec1b838e03ac8dd80ac0705954"
            ],
            "index": "pypi",
            "version": "==2.0.0"
        },
        "itsdangerous": {
            "hashes": [
                "sha256:99b1053ccce68066dfc0b4465ef8779027e6d577377c8270e21a3d6289cac111",
                "sha256:e2cb4ae918f07ab2a2f9a91dec2695bd1f25a19d31861a70015ad537ccb5e807"
            ],
            "version": "==2.0.0"
        },
        "jinja2": {
            "hashes": [
                "sha256:2f2de5285cf37f33d33ecd4a9080b75c87cd0c1994d5a9c6df17131ea1f049c6",
                "sha256:ea8d7dd814ce9df6de6a761ec7f1cac98afe305b8cdc4aaae4e114b8d8ce24c5"
            ],
            "version": "==3.0.0"
        },
        "markupsafe": {
            "hashes": [
                "sha256:007dc055dbce5b1104876acee177dbfd18757e19d562cd440182e1f492e96b95",
                "sha256:031bf79a27d1c42f69c276d6221172417b47cb4b31cdc73d362a9bf5a1889b9f",
                "sha256:161d575fa49395860b75da5135162481768b11208490d5a2143ae6785123e77d",
                "sha256:24bbc3507fb6dfff663af7900a631f2aca90d5a445f272db5fc84999fa5718bc",
                "sha256:2efaeb1baff547063bad2b2893a8f5e9c459c4624e1a96644bbba08910ae34e0",
                "sha256:32200f562daaab472921a11cbb63780f1654552ae49518196fc361ed8e12e901",
                "sha256:3261fae28155e5c8634dd7710635fe540a05b58f160cef7713c7700cb9980e66",
                "sha256:3b54a9c68995ef4164567e2cd1a5e16db5dac30b2a50c39c82db8d4afaf14f63",
                "sha256:3c352ff634e289061711608f5e474ec38dbaa21e3e168820d53d5f4015e5b91b",
                "sha256:3fb47f97f1d338b943126e90b79cad50d4fcfa0b80637b5a9f468941dbbd9ce5",
                "sha256:441ce2a8c17683d97e06447fcbccbdb057cbf587c78eb75ae43ea7858042fe2c",
                "sha256:45535241baa0fc0ba2a43961a1ac7562ca3257f46c4c3e9c0de38b722be41bd1",
                "sha256:4aca81a687975b35e3e80bcf9aa93fe10cd57fac37bf18b2314c186095f57e05",
                "sha256:4cc563836f13c57f1473bc02d1e01fc37bab70ad4ee6be297d58c1d66bc819bf",
                "sha256:4fae0677f712ee090721d8b17f412f1cbceefbf0dc180fe91bab3232f38b4527",
                "sha256:58bc9fce3e1557d463ef5cee05391a05745fd95ed660f23c1742c711712c0abb",
                "sha256:664832fb88b8162268928df233f4b12a144a0c78b01d38b81bdcf0fc96668ecb",
                "sha256:70820a1c96311e02449591cbdf5cd1c6a34d5194d5b55094ab725364375c9eb2",
                "sha256:79b2ae94fa991be023832e6bcc00f41dbc8e5fe9d997a02db965831402551730",
                "sha256:83cf0228b2f694dcdba1374d5312f2277269d798e65f40344964f642935feac1",
                "sha256:87de598edfa2230ff274c4de7fcf24c73ffd96208c8e1912d5d0fee459767d75",
                "sha256:8f806bfd0f218477d7c46a11d3e52dc7f5fdfaa981b18202b7dc84bbc287463b",
                "sha256:90053234a6479738fd40d155268af631c7fca33365f964f2208867da1349294b",
                "sha256:a00dce2d96587651ef4fa192c17e039e8cfab63087c67e7d263a5533c7dad715",
                "sha256:a08cd07d3c3c17cd33d9e66ea9dee8f8fc1c48e2d11bd88fd2dc515a602c709b",
                "sha256:a19d39b02a24d3082856a5b06490b714a9d4179321225bbf22809ff1e1887cc8",
                "sha256:d00a669e4a5bec3ee6dbeeeedd82a405ced19f8aeefb109a012ea88a45afff96",
                "sha256:dab0c685f21f4a6c95bfc2afd1e7eae0033b403dd3d8c1b6d13a652ada75b348",
                "sha256:df561f65049ed3556e5b52541669310e88713fdae2934845ec3606f283337958",
                "sha256:e4570d16f88c7f3032ed909dc9e905a17da14a1c4cfd92608e3fda4cb1208bbd",
                "sha256:e77e4b983e2441aff0c0d07ee711110c106b625f440292dfe02a2f60c8218bd6",
                "sha256:e79212d09fc0e224d20b43ad44bb0a0a3416d1e04cf6b45fed265114a5d43d20",
                "sha256:f58b5ba13a5689ca8317b98439fccfbcc673acaaf8241c1869ceea40f5d585bf",
                "sha256:fef86115fdad7ae774720d7103aa776144cf9b66673b4afa9bcaa7af990ed07b"
            ],
            "version": "==2.0.0"
        },
        "numpy": {
            "hashes": [
                "sha256:1676b0a292dd3c99e49305a16d7a9f42a4ab60ec522eac0d3dd20cdf362ac010",
                "sha256:16f221035e8bd19b9dc9a57159e38d2dd060b48e93e1d843c49cb370b0f415fd",
                "sha256:43909c8bb289c382170e0282158a38cf306a8ad2ff6dfadc447e90f9961bef43",
                "sha256:4e465afc3b96dbc80cf4a5273e5e2b1e3451286361b4af70ce1adb2984d392f9",
                "sha256:55b745fca0a5ab738647d0e4db099bd0a23279c32b31a783ad2ccea729e632df",
                "sha256:5d050e1e4bc9ddb8656d7b4f414557720ddcca23a5b88dd7cff65e847864c400",
                "sha256:637d827248f447e63585ca3f4a7d2dfaa882e094df6cfa177cc9cf9cd6cdf6d2",
                "sha256:6690080810f77485667bfbff4f69d717c3be25e5b11bb2073e76bb3f578d99b4",
                "sha256:66fbc6fed94a13b9801fb70b96ff30605ab0a123e775a5e7a26938b717c5d71a",
                "sha256:67d44acb72c31a97a3d5d33d103ab06d8ac20770e1c5ad81bdb3f0c086a56cf6",
                "sha256:6ca2b85a5997dabc38301a22ee43c82adcb53ff660b89ee88dded6b33687e1d8",
                "sha256:6e51534e78d14b4a009a062641f465cfaba4fdcb046c3ac0b1f61dd97c861b1b",
                "sha256:70eb5808127284c4e5c9e836208e09d685a7978b6a216db85960b1a112eeace8",
                "sha256:830b044f4e64a76ba71448fce6e604c0fc47a0e54d8f6467be23749ac2cbd2fb",
                "sha256:8b7bb4b9280da3b2856cb1fc425932f46fba609819ee1c62256f61799e6a51d2",
                "sha256:a9c65473ebc342715cb2d7926ff1e202c26376c0dcaaee85a1fd4b8d8c1d3b2f",
                "sha256:c1c09247ccea742525bdb5f4b5ceeacb34f95731647fe55774aa36557dbb5fa4",
                "sha256:c5bf0e132acf7557fc9bb8ded8b53bbbbea8892f3c9a1738205878ca9434206a",
                "sha256:db250fd3e90117e0312b611574cd1b3f78bec046783195075cbd7ba9c3d73f16",
                "sha256:e515c9a93aebe27166ec9593411c58494fa98e5fcc219e47260d9ab8a1cc7f9f",
                "sha256:e55185e51b18d788e49fe8305fd73ef4470596b33fc2c1ceb304566b99c71a69",
                "sha256:ea9cff01e75a956dbee133fa8e5b68f2f92175233de2f88de3a682dd94deda65",
                "sha256:f1452578d0516283c87608a5a5548b0cdde15b99650efdfd85182102ef7a7c17",
                "sha256:f39a995e47cb8649673cfa0579fbdd1cdd33ea497d1728a6cb194d6252268e48"
            ],
            "version": "==1.20.3"
        },
        "pandas": {
            "hashes": [
                "sha256:167693a80abc8eb28051fbd184c1b7afd13ce2c727a5af47b048f1ea3afefff4",
                "sha256:2111c25e69fa9365ba80bbf4f959400054b2771ac5d041ed19415a8b488dc70a",
                "sha256:298f0553fd3ba8e002c4070a723a59cdb28eda579f3e243bc2ee397773f5398b",
                "sha256:2b063d41803b6a19703b845609c0b700913593de067b552a8b24dd8eeb8c9895",
                "sha256:2cb7e8f4f152f27dc93f30b5c7a98f6c748601ea65da359af734dd0cf3fa733f",
                "sha256:52d2472acbb8a56819a87aafdb8b5b6d2b3386e15c95bde56b281882529a7ded",
                "sha256:612add929bf3ba9d27b436cc8853f5acc337242d6b584203f207e364bb46cb12",
                "sha256:649ecab692fade3cbfcf967ff936496b0cfba0af00a55dfaacd82bdda5cb2279",
                "sha256:68d7baa80c74aaacbed597265ca2308f017859123231542ff8a5266d489e1858",
                "sha256:8d4c74177c26aadcfb4fd1de6c1c43c2bf822b3e0fc7a9b409eeaf84b3e92aaa",
                "sha256:971e2a414fce20cc5331fe791153513d076814d30a60cd7348466943e6e909e4",
                "sha256:9db70ffa8b280bb4de83f9739d514cd0735825e79eef3a61d312420b9f16b758",
                "sha256:b730add5267f873b3383c18cac4df2527ac4f0f0eed1c6cf37fcb437e25cf558",
                "sha256:bd659c11a4578af740782288cac141a322057a2e36920016e0fc7b25c5a4b686",
                "sha256:c601c6fdebc729df4438ec1f62275d6136a0dd14d332fc0e8ce3f7d2aadb4dd6",
                "sha256:d0877407359811f7b853b548a614aacd7dea83b0c0c84620a9a643f180060950"
            ],
            "index": "pypi",
            "version": "==1.2.4"
        },
        "python-dateutil": {
            "hashes": [
                "sha256:73ebfe9dbf22e832286dafa60473e4cd239f8592f699aa5adaf10050e6e1823c",
                "sha256:75bb3f31ea686f1197762692a9ee6a7550b59fc6ca3a1f4b5d7e32fb98e2da2a"
            ],
            "version": "==2.8.1"
        },
        "pytz": {
            "hashes": [
                "sha256:83a4a90894bf38e243cf052c8b58f381bfe9a7a483f6a9cab140bc7f702ac4da",
                "sha256:eb10ce3e7736052ed3623d49975ce333bcd712c7bb19a58b9e2089d4057d0798"
            ],
            "version": "==2021.1"
        },
        "six": {
            "hashes": [
                "sha256:1e61c37477a1626458e36f7b1d82aa5c9b094fa4802892072e49de9c60c4c926",
                "sha256:8abb2f1d86890a2dfb989f9a77cfcfd3e47c2a354b01111771326f8aa26e0254"
            ],
            "version": "==1.16.0"
        },
        "timew": {
            "hashes": [
                "sha256:34f066d1766356254554bf2ad74fba9b2fd57ee003f862c53156d2024326977f",
                "sha256:dca63535e33b9077b698d8ebd86ee317e185d6a03af86d1eb19b7a92e1b578b2"
            ],
            "index": "pypi",
            "version": "==0.0.22"
        },
        "werkzeug": {
            "hashes": [
                "sha256:3389bbfe6d40c6dd25e6d3f974155163c8b3de5bbda6a89342d4ab93fae80ba0",
                "sha256:64c02f6495ba01eddd6625b3675f357cd358a73f1e38458a56ad86c5baa30b53"
            ],
            "version": "==2.0.0"
        }
    },
    "develop": {}
}
